<?xml version="1.0" encoding="utf-8"?>
<Project ToolsVersion="4.0" xmlns="http://schemas.microsoft.com/developer/msbuild/2003">
  <ItemGroup>
    <ClCompile Include="main.cpp" />
    <ClCompile Include="workflow_lab1.cpp" />
    <ClCompile Include="line.cpp" />
    <ClCompile Include="clipping_rectangle.cpp" />
  </ItemGroup>
  <ItemGroup>
    <ClInclude Include="workflow_lab1.hpp" />
    <ClInclude Include="line.hpp" />
    <ClInclude Include="clipping_rectangle.hpp" />
    <ClInclude Include="workflow_generate_line.hpp" />
  </ItemGroup>
</Project>