<?xml version="1.0" encoding="utf-8"?>
<Project ToolsVersion="4.0" xmlns="http://schemas.microsoft.com/developer/msbuild/2003">
  <ItemGroup>
    <Filter Include="cores">
      <UniqueIdentifier>{860efb35-ba51-4c77-b67e-fb4d9f092f57}</UniqueIdentifier>
    </Filter>
    <Filter Include="resources">
      <UniqueIdentifier>{729afb32-a7cd-405b-8ace-1637ccaed065}</UniqueIdentifier>
    </Filter>
    <Filter Include="rendering">
      <UniqueIdentifier>{404bf128-febb-4d0c-953c-9b802ea90489}</UniqueIdentifier>
    </Filter>
    <Filter Include="resources\shaders">
      <UniqueIdentifier>{c49229db-c335-400a-aead-d329c604ae54}</UniqueIdentifier>
    </Filter>
    <Filter Include="clipping">
      <UniqueIdentifier>{3316585b-b93d-4a2d-bdf5-2be63219252f}</UniqueIdentifier>
    </Filter>
  </ItemGroup>
  <ItemGroup>
    <ClInclude Include="cores\workflow.hpp">
      <Filter>cores</Filter>
    </ClInclude>
    <ClInclude Include="cores\workflow_independent.hpp">
      <Filter>cores</Filter>
    </ClInclude>
    <ClInclude Include="cores\workflow_status.hpp">
      <Filter>cores</Filter>
    </ClInclude>
    <ClInclude Include="rendering\workflow_gbuffer.hpp">
      <Filter>rendering</Filter>
    </ClInclude>
    <ClInclude Include="rendering\workflow_line.hpp">
      <Filter>rendering</Filter>
    </ClInclude>
    <ClInclude Include="resources\workflow_shaders_file.hpp">
      <Filter>resources</Filter>
    </ClInclude>
    <ClInclude Include="workflow_copy.hpp" />
    <ClInclude Include="clipping\workflow_clipping_liang_barsky.hpp">
      <Filter>clipping</Filter>
    </ClInclude>
    <ClInclude Include="clipping\workflow_clipping_sutherland_hodgman.hpp">
      <Filter>clipping</Filter>
    </ClInclude>
    <ClInclude Include="rendering\workflow_wireframe.hpp">
      <Filter>rendering</Filter>
    </ClInclude>
    <ClInclude Include="rendering\workflow_filling_scanline.hpp">
      <Filter>rendering</Filter>
    </ClInclude>
    <ClInclude Include="rendering\workflow_filled_circle.hpp">
      <Filter>rendering</Filter>
    </ClInclude>
    <ClInclude Include="rendering\workflow_geodesic.hpp">
      <Filter>rendering</Filter>
    </ClInclude>
  </ItemGroup>
  <ItemGroup>
    <None Include="resources\generate_shaders.json">
      <Filter>resources</Filter>
    </None>
    <None Include="resources\shaders\fix_resharper_error.hlsl">
      <Filter>resources\shaders</Filter>
    </None>
    <None Include="resources\shaders\workflow_line.hlsl">
      <Filter>resources\shaders</Filter>
    </None>
    <None Include="resources\shaders\workflow_wireframe.hlsl">
      <Filter>resources\shaders</Filter>
    </None>
    <None Include="resources\shaders\workflow_geodesic.hlsl" />
    <None Include="resources\shaders\workflow_filled_circle.hlsl">
      <Filter>resources\shaders</Filter>
    </None>
  </ItemGroup>
  <ItemGroup>
    <ClCompile Include="workflow_build.cpp" />
  </ItemGroup>
</Project>