
Microsoft Visual Studio Solution File, Format Version 12.00
# Visual Studio Version 16
VisualStudioVersion = 16.0.30309.148
MinimumVisualStudioVersion = 10.0.40219.1
Project("{2150E333-8FDC-42A3-9474-1A3956D46DE8}") = "references", "references", "{F377D545-B34D-447C-8185-7C50D647D5AB}"
EndProject
Project("{8BC9CEB8-8B4A-11D0-8D11-00A0C91BC942}") = "directx12-wrapper", "references\directx-wrapper\directx12-wrapper\directx12-wrapper.vcxproj", "{79DF4B1F-8673-4153-BB01-87BDE91D8642}"
EndProject
Project("{2150E333-8FDC-42A3-9474-1A3956D46DE8}") = "workflow-samples", "workflow-samples", "{AA2CF937-9973-4B8F-9D41-C8FCC17498F8}"
EndProject
Project("{8BC9CEB8-8B4A-11D0-8D11-00A0C91BC942}") = "samples-test", "workflow-samples\samples-test\samples-test.vcxproj", "{6777B6BD-D73C-4A11-8121-54158B461F10}"
EndProject
Project("{2150E333-8FDC-42A3-9474-1A3956D46DE8}") = "workflow-graphics", "workflow-graphics", "{54C0CC5B-EA99-4F6C-874A-3000AAF96956}"
EndProject
Project("{8BC9CEB8-8B4A-11D0-8D11-00A0C91BC942}") = "workflow-graphics", "workflow-graphics\workflow-graphics.vcxproj", "{68B5424E-E21B-47BE-856A-64974B046630}"
EndProject
Project("{2150E333-8FDC-42A3-9474-1A3956D46DE8}") = "cg-labs", "cg-labs", "{4CA42756-2F3A-4BCC-8475-5D55911099F6}"
EndProject
Project("{8BC9CEB8-8B4A-11D0-8D11-00A0C91BC942}") = "cg-lab0", "workflow-samples\cg-labs\cg-lab0\cg-lab0.vcxproj", "{71ACFC0B-D487-430B-99F7-28A90640618A}"
EndProject
Project("{8BC9CEB8-8B4A-11D0-8D11-00A0C91BC942}") = "cg-lab1", "workflow-samples\cg-labs\cg-lab1\cg-lab1.vcxproj", "{52C3AE86-5600-4685-AC51-BFFBEA158453}"
EndProject
Project("{8BC9CEB8-8B4A-11D0-8D11-00A0C91BC942}") = "cg-lab2", "workflow-samples\cg-labs\cg-lab2\cg-lab2.vcxproj", "{71E482E8-71BD-4DCF-9E1C-4785E27C1BC9}"
EndProject
Global
	GlobalSection(SolutionConfigurationPlatforms) = preSolution
		Debug|x64 = Debug|x64
		Debug|x86 = Debug|x86
		Release|x64 = Release|x64
		Release|x86 = Release|x86
	EndGlobalSection
	GlobalSection(ProjectConfigurationPlatforms) = postSolution
		{79DF4B1F-8673-4153-BB01-87BDE91D8642}.Debug|x64.ActiveCfg = Debug|x64
		{79DF4B1F-8673-4153-BB01-87BDE91D8642}.Debug|x64.Build.0 = Debug|x64
		{79DF4B1F-8673-4153-BB01-87BDE91D8642}.Debug|x86.ActiveCfg = Debug|Win32
		{79DF4B1F-8673-4153-BB01-87BDE91D8642}.Debug|x86.Build.0 = Debug|Win32
		{79DF4B1F-8673-4153-BB01-87BDE91D8642}.Release|x64.ActiveCfg = Release|x64
		{79DF4B1F-8673-4153-BB01-87BDE91D8642}.Release|x64.Build.0 = Release|x64
		{79DF4B1F-8673-4153-BB01-87BDE91D8642}.Release|x86.ActiveCfg = Release|Win32
		{79DF4B1F-8673-4153-BB01-87BDE91D8642}.Release|x86.Build.0 = Release|Win32
		{6777B6BD-D73C-4A11-8121-54158B461F10}.Debug|x64.ActiveCfg = Debug|x64
		{6777B6BD-D73C-4A11-8121-54158B461F10}.Debug|x64.Build.0 = Debug|x64
		{6777B6BD-D73C-4A11-8121-54158B461F10}.Debug|x86.ActiveCfg = Debug|Win32
		{6777B6BD-D73C-4A11-8121-54158B461F10}.Debug|x86.Build.0 = Debug|Win32
		{6777B6BD-D73C-4A11-8121-54158B461F10}.Release|x64.ActiveCfg = Release|x64
		{6777B6BD-D73C-4A11-8121-54158B461F10}.Release|x64.Build.0 = Release|x64
		{6777B6BD-D73C-4A11-8121-54158B461F10}.Release|x86.ActiveCfg = Release|Win32
		{6777B6BD-D73C-4A11-8121-54158B461F10}.Release|x86.Build.0 = Release|Win32
		{68B5424E-E21B-47BE-856A-64974B046630}.Debug|x64.ActiveCfg = Debug|x64
		{68B5424E-E21B-47BE-856A-64974B046630}.Debug|x64.Build.0 = Debug|x64
		{68B5424E-E21B-47BE-856A-64974B046630}.Debug|x86.ActiveCfg = Debug|Win32
		{68B5424E-E21B-47BE-856A-64974B046630}.Debug|x86.Build.0 = Debug|Win32
		{68B5424E-E21B-47BE-856A-64974B046630}.Release|x64.ActiveCfg = Release|x64
		{68B5424E-E21B-47BE-856A-64974B046630}.Release|x64.Build.0 = Release|x64
		{68B5424E-E21B-47BE-856A-64974B046630}.Release|x86.ActiveCfg = Release|Win32
		{68B5424E-E21B-47BE-856A-64974B046630}.Release|x86.Build.0 = Release|Win32
		{71ACFC0B-D487-430B-99F7-28A90640618A}.Debug|x64.ActiveCfg = Debug|x64
		{71ACFC0B-D487-430B-99F7-28A90640618A}.Debug|x64.Build.0 = Debug|x64
		{71ACFC0B-D487-430B-99F7-28A90640618A}.Debug|x86.ActiveCfg = Debug|Win32
		{71ACFC0B-D487-430B-99F7-28A90640618A}.Debug|x86.Build.0 = Debug|Win32
		{71ACFC0B-D487-430B-99F7-28A90640618A}.Release|x64.ActiveCfg = Release|x64
		{71ACFC0B-D487-430B-99F7-28A90640618A}.Release|x64.Build.0 = Release|x64
		{71ACFC0B-D487-430B-99F7-28A90640618A}.Release|x86.ActiveCfg = Release|Win32
		{71ACFC0B-D487-430B-99F7-28A90640618A}.Release|x86.Build.0 = Release|Win32
		{52C3AE86-5600-4685-AC51-BFFBEA158453}.Debug|x64.ActiveCfg = Debug|x64
		{52C3AE86-5600-4685-AC51-BFFBEA158453}.Debug|x64.Build.0 = Debug|x64
		{52C3AE86-5600-4685-AC51-BFFBEA158453}.Debug|x86.ActiveCfg = Debug|Win32
		{52C3AE86-5600-4685-AC51-BFFBEA158453}.Debug|x86.Build.0 = Debug|Win32
		{52C3AE86-5600-4685-AC51-BFFBEA158453}.Release|x64.ActiveCfg = Release|x64
		{52C3AE86-5600-4685-AC51-BFFBEA158453}.Release|x64.Build.0 = Release|x64
		{52C3AE86-5600-4685-AC51-BFFBEA158453}.Release|x86.ActiveCfg = Release|Win32
		{52C3AE86-5600-4685-AC51-BFFBEA158453}.Release|x86.Build.0 = Release|Win32
		{71E482E8-71BD-4DCF-9E1C-4785E27C1BC9}.Debug|x64.ActiveCfg = Debug|x64
		{71E482E8-71BD-4DCF-9E1C-4785E27C1BC9}.Debug|x64.Build.0 = Debug|x64
		{71E482E8-71BD-4DCF-9E1C-4785E27C1BC9}.Debug|x86.ActiveCfg = Debug|Win32
		{71E482E8-71BD-4DCF-9E1C-4785E27C1BC9}.Debug|x86.Build.0 = Debug|Win32
		{71E482E8-71BD-4DCF-9E1C-4785E27C1BC9}.Release|x64.ActiveCfg = Release|x64
		{71E482E8-71BD-4DCF-9E1C-4785E27C1BC9}.Release|x64.Build.0 = Release|x64
		{71E482E8-71BD-4DCF-9E1C-4785E27C1BC9}.Release|x86.ActiveCfg = Release|Win32
		{71E482E8-71BD-4DCF-9E1C-4785E27C1BC9}.Release|x86.Build.0 = Release|Win32
	EndGlobalSection
	GlobalSection(SolutionProperties) = preSolution
		HideSolutionNode = FALSE
	EndGlobalSection
	GlobalSection(NestedProjects) = preSolution
		{79DF4B1F-8673-4153-BB01-87BDE91D8642} = {F377D545-B34D-447C-8185-7C50D647D5AB}
		{6777B6BD-D73C-4A11-8121-54158B461F10} = {AA2CF937-9973-4B8F-9D41-C8FCC17498F8}
		{68B5424E-E21B-47BE-856A-64974B046630} = {54C0CC5B-EA99-4F6C-874A-3000AAF96956}
		{4CA42756-2F3A-4BCC-8475-5D55911099F6} = {AA2CF937-9973-4B8F-9D41-C8FCC17498F8}
		{71ACFC0B-D487-430B-99F7-28A90640618A} = {4CA42756-2F3A-4BCC-8475-5D55911099F6}
		{52C3AE86-5600-4685-AC51-BFFBEA158453} = {4CA42756-2F3A-4BCC-8475-5D55911099F6}
		{71E482E8-71BD-4DCF-9E1C-4785E27C1BC9} = {4CA42756-2F3A-4BCC-8475-5D55911099F6}
	EndGlobalSection
	GlobalSection(ExtensibilityGlobals) = postSolution
		SolutionGuid = {2DD5B8C3-7CB8-4729-8875-05AB71EF1981}
	EndGlobalSection
EndGlobal
