<?xml version="1.0" encoding="utf-8"?>
<Project ToolsVersion="4.0" xmlns="http://schemas.microsoft.com/developer/msbuild/2003">
  <ItemGroup>
    <Filter Include="cores">
      <UniqueIdentifier>{82049ac1-92bb-430c-8b0e-d747ac79f7a0}</UniqueIdentifier>
    </Filter>
  </ItemGroup>
  <ItemGroup>
    <ClInclude Include="cores\Workflow.hpp">
      <Filter>cores</Filter>
    </ClInclude>
    <ClInclude Include="cores\WorkflowIndependent.hpp">
      <Filter>cores</Filter>
    </ClInclude>
    <ClInclude Include="cores\WorkflowStatus.hpp">
      <Filter>cores</Filter>
    </ClInclude>
    <ClInclude Include="WorkflowCopy.hpp" />
  </ItemGroup>
</Project>